
Microsoft Visual Studio Solution File, Format Version 12.00
# Visual Studio Version 16
VisualStudioVersion = 16.0.31613.86
MinimumVisualStudioVersion = 10.0.40219.1
Project("{FAE04EC0-301F-11D3-BF4B-00C04F79EFBC}") = "UIAutomationBDD", "UIAutomationBDD\UIAutomationBDD.csproj", "{045A6C97-05C4-4E28-83EB-095C6D3A298B}"
EndProject
Global
	GlobalSection(SolutionConfigurationPlatforms) = preSolution
		Debug|Any CPU = Debug|Any CPU
		Release|Any CPU = Release|Any CPU
	EndGlobalSection
	GlobalSection(ProjectConfigurationPlatforms) = postSolution
		{045A6C97-05C4-4E28-83EB-095C6D3A298B}.Debug|Any CPU.ActiveCfg = Debug|Any CPU
		{045A6C97-05C4-4E28-83EB-095C6D3A298B}.Debug|Any CPU.Build.0 = Debug|Any CPU
		{045A6C97-05C4-4E28-83EB-095C6D3A298B}.Release|Any CPU.ActiveCfg = Release|Any CPU
		{045A6C97-05C4-4E28-83EB-095C6D3A298B}.Release|Any CPU.Build.0 = Release|Any CPU
	EndGlobalSection
	GlobalSection(SolutionProperties) = preSolution
		HideSolutionNode = FALSE
	EndGlobalSection
	GlobalSection(ExtensibilityGlobals) = postSolution
		SolutionGuid = {47EFDDC4-2250-4A9E-9F68-6756E1D7C588}
	EndGlobalSection
EndGlobal
